// !$*UTF8*$!
{
	archiveVersion = 1;
	classes = {
	};
	objectVersion = 50;
	objects = {

/* Begin PBXBuildFile section */
		B15715D62576CBA700251F8C /* FavoritesListVC.swift in Sources */ = {isa = PBXBuildFile; fileRef = B15715D52576CBA700251F8C /* FavoritesListVC.swift */; };
		B15715D92576D35600251F8C /* GFButton.swift in Sources */ = {isa = PBXBuildFile; fileRef = B15715D82576D35600251F8C /* GFButton.swift */; };
		B15715DC2576EE7600251F8C /* GFTextField.swift in Sources */ = {isa = PBXBuildFile; fileRef = B15715DB2576EE7600251F8C /* GFTextField.swift */; };
		B15715DF2576F81A00251F8C /* FollowerListVC.swift in Sources */ = {isa = PBXBuildFile; fileRef = B15715DE2576F81A00251F8C /* FollowerListVC.swift */; };
		B15715E2257700BB00251F8C /* GFTitleLabel.swift in Sources */ = {isa = PBXBuildFile; fileRef = B15715E1257700BB00251F8C /* GFTitleLabel.swift */; };
		B15715E52577021000251F8C /* GFBodyLabel.swift in Sources */ = {isa = PBXBuildFile; fileRef = B15715E42577021000251F8C /* GFBodyLabel.swift */; };
		B15715E8257702C500251F8C /* AlertVC.swift in Sources */ = {isa = PBXBuildFile; fileRef = B15715E7257702C500251F8C /* AlertVC.swift */; };
		B15715EC25770C2100251F8C /* UIViewController+ext.swift in Sources */ = {isa = PBXBuildFile; fileRef = B15715EB25770C2100251F8C /* UIViewController+ext.swift */; };
		B15715F5257718F400251F8C /* GFAlertContainerView.swift in Sources */ = {isa = PBXBuildFile; fileRef = B15715F4257718F400251F8C /* GFAlertContainerView.swift */; };
		B15715FA257804CE00251F8C /* Follower.swift in Sources */ = {isa = PBXBuildFile; fileRef = B15715F9257804CE00251F8C /* Follower.swift */; };
		B15715FD257806C000251F8C /* User.swift in Sources */ = {isa = PBXBuildFile; fileRef = B15715FC257806C000251F8C /* User.swift */; };
		B1571601257814FE00251F8C /* NetworkManager.swift in Sources */ = {isa = PBXBuildFile; fileRef = B1571600257814FE00251F8C /* NetworkManager.swift */; };
		B157160725781D3A00251F8C /* ErrorMessage.swift in Sources */ = {isa = PBXBuildFile; fileRef = B157160625781D3A00251F8C /* ErrorMessage.swift */; };
		B157160C25783D9500251F8C /* FollowerCell.swift in Sources */ = {isa = PBXBuildFile; fileRef = B157160B25783D9500251F8C /* FollowerCell.swift */; };
		B157161325783E1B00251F8C /* GFAvatarImageView.swift in Sources */ = {isa = PBXBuildFile; fileRef = B157161225783E1B00251F8C /* GFAvatarImageView.swift */; };
		B18A99612576C1F30096A430 /* AppDelegate.swift in Sources */ = {isa = PBXBuildFile; fileRef = B18A99602576C1F30096A430 /* AppDelegate.swift */; };
		B18A99632576C1F30096A430 /* SceneDelegate.swift in Sources */ = {isa = PBXBuildFile; fileRef = B18A99622576C1F30096A430 /* SceneDelegate.swift */; };
		B18A996A2576C1F60096A430 /* Assets.xcassets in Resources */ = {isa = PBXBuildFile; fileRef = B18A99692576C1F60096A430 /* Assets.xcassets */; };
		B18A996D2576C1F60096A430 /* LaunchScreen.storyboard in Resources */ = {isa = PBXBuildFile; fileRef = B18A996B2576C1F60096A430 /* LaunchScreen.storyboard */; };
		B18A997A2576CB370096A430 /* SearchVC.swift in Sources */ = {isa = PBXBuildFile; fileRef = B18A99792576CB370096A430 /* SearchVC.swift */; };
/* End PBXBuildFile section */

/* Begin PBXFileReference section */
		B15715D52576CBA700251F8C /* FavoritesListVC.swift */ = {isa = PBXFileReference; lastKnownFileType = sourcecode.swift; path = FavoritesListVC.swift; sourceTree = "<group>"; };
		B15715D82576D35600251F8C /* GFButton.swift */ = {isa = PBXFileReference; lastKnownFileType = sourcecode.swift; path = GFButton.swift; sourceTree = "<group>"; };
		B15715DB2576EE7600251F8C /* GFTextField.swift */ = {isa = PBXFileReference; lastKnownFileType = sourcecode.swift; path = GFTextField.swift; sourceTree = "<group>"; };
		B15715DE2576F81A00251F8C /* FollowerListVC.swift */ = {isa = PBXFileReference; lastKnownFileType = sourcecode.swift; path = FollowerListVC.swift; sourceTree = "<group>"; };
		B15715E1257700BB00251F8C /* GFTitleLabel.swift */ = {isa = PBXFileReference; lastKnownFileType = sourcecode.swift; path = GFTitleLabel.swift; sourceTree = "<group>"; };
		B15715E42577021000251F8C /* GFBodyLabel.swift */ = {isa = PBXFileReference; lastKnownFileType = sourcecode.swift; path = GFBodyLabel.swift; sourceTree = "<group>"; };
		B15715E7257702C500251F8C /* AlertVC.swift */ = {isa = PBXFileReference; lastKnownFileType = sourcecode.swift; path = AlertVC.swift; sourceTree = "<group>"; };
		B15715EB25770C2100251F8C /* UIViewController+ext.swift */ = {isa = PBXFileReference; lastKnownFileType = sourcecode.swift; path = "UIViewController+ext.swift"; sourceTree = "<group>"; };
		B15715F4257718F400251F8C /* GFAlertContainerView.swift */ = {isa = PBXFileReference; lastKnownFileType = sourcecode.swift; path = GFAlertContainerView.swift; sourceTree = "<group>"; };
		B15715F9257804CE00251F8C /* Follower.swift */ = {isa = PBXFileReference; lastKnownFileType = sourcecode.swift; path = Follower.swift; sourceTree = "<group>"; };
		B15715FC257806C000251F8C /* User.swift */ = {isa = PBXFileReference; lastKnownFileType = sourcecode.swift; path = User.swift; sourceTree = "<group>"; };
		B1571600257814FE00251F8C /* NetworkManager.swift */ = {isa = PBXFileReference; lastKnownFileType = sourcecode.swift; path = NetworkManager.swift; sourceTree = "<group>"; };
		B157160625781D3A00251F8C /* ErrorMessage.swift */ = {isa = PBXFileReference; lastKnownFileType = sourcecode.swift; path = ErrorMessage.swift; sourceTree = "<group>"; };
		B157160B25783D9500251F8C /* FollowerCell.swift */ = {isa = PBXFileReference; lastKnownFileType = sourcecode.swift; path = FollowerCell.swift; sourceTree = "<group>"; };
		B157161225783E1B00251F8C /* GFAvatarImageView.swift */ = {isa = PBXFileReference; lastKnownFileType = sourcecode.swift; path = GFAvatarImageView.swift; sourceTree = "<group>"; };
		B18A995D2576C1F30096A430 /* Github-followers-project.app */ = {isa = PBXFileReference; explicitFileType = wrapper.application; includeInIndex = 0; path = "Github-followers-project.app"; sourceTree = BUILT_PRODUCTS_DIR; };
		B18A99602576C1F30096A430 /* AppDelegate.swift */ = {isa = PBXFileReference; lastKnownFileType = sourcecode.swift; path = AppDelegate.swift; sourceTree = "<group>"; };
		B18A99622576C1F30096A430 /* SceneDelegate.swift */ = {isa = PBXFileReference; lastKnownFileType = sourcecode.swift; path = SceneDelegate.swift; sourceTree = "<group>"; };
		B18A99692576C1F60096A430 /* Assets.xcassets */ = {isa = PBXFileReference; lastKnownFileType = folder.assetcatalog; path = Assets.xcassets; sourceTree = "<group>"; };
		B18A996C2576C1F60096A430 /* Base */ = {isa = PBXFileReference; lastKnownFileType = file.storyboard; name = Base; path = Base.lproj/LaunchScreen.storyboard; sourceTree = "<group>"; };
		B18A996E2576C1F60096A430 /* Info.plist */ = {isa = PBXFileReference; lastKnownFileType = text.plist.xml; path = Info.plist; sourceTree = "<group>"; };
		B18A99792576CB370096A430 /* SearchVC.swift */ = {isa = PBXFileReference; lastKnownFileType = sourcecode.swift; path = SearchVC.swift; sourceTree = "<group>"; };
/* End PBXFileReference section */

/* Begin PBXFrameworksBuildPhase section */
		B18A995A2576C1F30096A430 /* Frameworks */ = {
			isa = PBXFrameworksBuildPhase;
			buildActionMask = 2147483647;
			files = (
			);
			runOnlyForDeploymentPostprocessing = 0;
		};
/* End PBXFrameworksBuildPhase section */

/* Begin PBXGroup section */
		B15715EE257717E900251F8C /* View */ = {
			isa = PBXGroup;
			children = (
				B157161025783DB100251F8C /* Others */,
				B157160E25783DA600251F8C /* Cells */,
			);
			path = View;
			sourceTree = "<group>";
		};
		B15715F0257717F300251F8C /* Controller */ = {
			isa = PBXGroup;
			children = (
				B15715E7257702C500251F8C /* AlertVC.swift */,
				B18A99792576CB370096A430 /* SearchVC.swift */,
				B15715DE2576F81A00251F8C /* FollowerListVC.swift */,
				B15715D52576CBA700251F8C /* FavoritesListVC.swift */,
				B15715EB25770C2100251F8C /* UIViewController+ext.swift */,
			);
			path = Controller;
			sourceTree = "<group>";
		};
		B15715F2257717FC00251F8C /* Model */ = {
			isa = PBXGroup;
			children = (
				B15715F9257804CE00251F8C /* Follower.swift */,
				B15715FC257806C000251F8C /* User.swift */,
			);
			path = Model;
			sourceTree = "<group>";
		};
		B15715FF257814EC00251F8C /* Managers */ = {
			isa = PBXGroup;
			children = (
				B1571600257814FE00251F8C /* NetworkManager.swift */,
			);
			path = Managers;
			sourceTree = "<group>";
		};
		B157160525781D2500251F8C /* Utilities */ = {
			isa = PBXGroup;
			children = (
				B157160625781D3A00251F8C /* ErrorMessage.swift */,
			);
			path = Utilities;
			sourceTree = "<group>";
		};
		B157160E25783DA600251F8C /* Cells */ = {
			isa = PBXGroup;
			children = (
				B157160B25783D9500251F8C /* FollowerCell.swift */,
			);
			path = Cells;
			sourceTree = "<group>";
		};
		B157161025783DB100251F8C /* Others */ = {
			isa = PBXGroup;
			children = (
				B15715D82576D35600251F8C /* GFButton.swift */,
				B15715DB2576EE7600251F8C /* GFTextField.swift */,
				B15715E1257700BB00251F8C /* GFTitleLabel.swift */,
				B15715E42577021000251F8C /* GFBodyLabel.swift */,
				B15715F4257718F400251F8C /* GFAlertContainerView.swift */,
				B157161225783E1B00251F8C /* GFAvatarImageView.swift */,
			);
			path = Others;
			sourceTree = "<group>";
		};
		B18A99542576C1F30096A430 = {
			isa = PBXGroup;
			children = (
				B18A995F2576C1F30096A430 /* Github-followers-project */,
				B18A995E2576C1F30096A430 /* Products */,
			);
			sourceTree = "<group>";
		};
		B18A995E2576C1F30096A430 /* Products */ = {
			isa = PBXGroup;
			children = (
				B18A995D2576C1F30096A430 /* Github-followers-project.app */,
			);
			name = Products;
			sourceTree = "<group>";
		};
		B18A995F2576C1F30096A430 /* Github-followers-project */ = {
			isa = PBXGroup;
			children = (
				B18A99602576C1F30096A430 /* AppDelegate.swift */,
				B18A99622576C1F30096A430 /* SceneDelegate.swift */,
				B157160525781D2500251F8C /* Utilities */,
				B15715FF257814EC00251F8C /* Managers */,
				B15715F2257717FC00251F8C /* Model */,
				B15715EE257717E900251F8C /* View */,
				B15715F0257717F300251F8C /* Controller */,
				B18A99692576C1F60096A430 /* Assets.xcassets */,
				B18A996B2576C1F60096A430 /* LaunchScreen.storyboard */,
				B18A996E2576C1F60096A430 /* Info.plist */,
			);
			path = "Github-followers-project";
			sourceTree = "<group>";
		};
/* End PBXGroup section */

/* Begin PBXNativeTarget section */
		B18A995C2576C1F30096A430 /* Github-followers-project */ = {
			isa = PBXNativeTarget;
			buildConfigurationList = B18A99712576C1F60096A430 /* Build configuration list for PBXNativeTarget "Github-followers-project" */;
			buildPhases = (
				B18A99592576C1F30096A430 /* Sources */,
				B18A995A2576C1F30096A430 /* Frameworks */,
				B18A995B2576C1F30096A430 /* Resources */,
			);
			buildRules = (
			);
			dependencies = (
			);
			name = "Github-followers-project";
			productName = "Github-followers-project";
			productReference = B18A995D2576C1F30096A430 /* Github-followers-project.app */;
			productType = "com.apple.product-type.application";
		};
/* End PBXNativeTarget section */

/* Begin PBXProject section */
		B18A99552576C1F30096A430 /* Project object */ = {
			isa = PBXProject;
			attributes = {
				LastSwiftUpdateCheck = 1220;
				LastUpgradeCheck = 1220;
				TargetAttributes = {
					B18A995C2576C1F30096A430 = {
						CreatedOnToolsVersion = 12.2;
					};
				};
			};
			buildConfigurationList = B18A99582576C1F30096A430 /* Build configuration list for PBXProject "Github-followers-project" */;
			compatibilityVersion = "Xcode 9.3";
			developmentRegion = en;
			hasScannedForEncodings = 0;
			knownRegions = (
				en,
				Base,
			);
			mainGroup = B18A99542576C1F30096A430;
			productRefGroup = B18A995E2576C1F30096A430 /* Products */;
			projectDirPath = "";
			projectRoot = "";
			targets = (
				B18A995C2576C1F30096A430 /* Github-followers-project */,
			);
		};
/* End PBXProject section */

/* Begin PBXResourcesBuildPhase section */
		B18A995B2576C1F30096A430 /* Resources */ = {
			isa = PBXResourcesBuildPhase;
			buildActionMask = 2147483647;
			files = (
				B18A996D2576C1F60096A430 /* LaunchScreen.storyboard in Resources */,
				B18A996A2576C1F60096A430 /* Assets.xcassets in Resources */,
			);
			runOnlyForDeploymentPostprocessing = 0;
		};
/* End PBXResourcesBuildPhase section */

/* Begin PBXSourcesBuildPhase section */
		B18A99592576C1F30096A430 /* Sources */ = {
			isa = PBXSourcesBuildPhase;
			buildActionMask = 2147483647;
			files = (
				B15715F5257718F400251F8C /* GFAlertContainerView.swift in Sources */,
				B15715DC2576EE7600251F8C /* GFTextField.swift in Sources */,
				B15715EC25770C2100251F8C /* UIViewController+ext.swift in Sources */,
				B15715D62576CBA700251F8C /* FavoritesListVC.swift in Sources */,
				B15715D92576D35600251F8C /* GFButton.swift in Sources */,
				B18A997A2576CB370096A430 /* SearchVC.swift in Sources */,
				B15715FD257806C000251F8C /* User.swift in Sources */,
				B157160C25783D9500251F8C /* FollowerCell.swift in Sources */,
				B157161325783E1B00251F8C /* GFAvatarImageView.swift in Sources */,
				B15715E8257702C500251F8C /* AlertVC.swift in Sources */,
				B15715FA257804CE00251F8C /* Follower.swift in Sources */,
				B15715E52577021000251F8C /* GFBodyLabel.swift in Sources */,
				B15715E2257700BB00251F8C /* GFTitleLabel.swift in Sources */,
				B15715DF2576F81A00251F8C /* FollowerListVC.swift in Sources */,
				B157160725781D3A00251F8C /* ErrorMessage.swift in Sources */,
				B1571601257814FE00251F8C /* NetworkManager.swift in Sources */,
				B18A99612576C1F30096A430 /* AppDelegate.swift in Sources */,
				B18A99632576C1F30096A430 /* SceneDelegate.swift in Sources */,
			);
			runOnlyForDeploymentPostprocessing = 0;
		};
/* End PBXSourcesBuildPhase section */

/* Begin PBXVariantGroup section */
		B18A996B2576C1F60096A430 /* LaunchScreen.storyboard */ = {
			isa = PBXVariantGroup;
			children = (
				B18A996C2576C1F60096A430 /* Base */,
			);
			name = LaunchScreen.storyboard;
			sourceTree = "<group>";
		};
/* End PBXVariantGroup section */

/* Begin XCBuildConfiguration section */
		B18A996F2576C1F60096A430 /* Debug */ = {
			isa = XCBuildConfiguration;
			buildSettings = {
				ALWAYS_SEARCH_USER_PATHS = NO;
				CLANG_ANALYZER_NONNULL = YES;
				CLANG_ANALYZER_NUMBER_OBJECT_CONVERSION = YES_AGGRESSIVE;
				CLANG_CXX_LANGUAGE_STANDARD = "gnu++14";
				CLANG_CXX_LIBRARY = "libc++";
				CLANG_ENABLE_MODULES = YES;
				CLANG_ENABLE_OBJC_ARC = YES;
				CLANG_ENABLE_OBJC_WEAK = YES;
				CLANG_WARN_BLOCK_CAPTURE_AUTORELEASING = YES;
				CLANG_WARN_BOOL_CONVERSION = YES;
				CLANG_WARN_COMMA = YES;
				CLANG_WARN_CONSTANT_CONVERSION = YES;
				CLANG_WARN_DEPRECATED_OBJC_IMPLEMENTATIONS = YES;
				CLANG_WARN_DIRECT_OBJC_ISA_USAGE = YES_ERROR;
				CLANG_WARN_DOCUMENTATION_COMMENTS = YES;
				CLANG_WARN_EMPTY_BODY = YES;
				CLANG_WARN_ENUM_CONVERSION = YES;
				CLANG_WARN_INFINITE_RECURSION = YES;
				CLANG_WARN_INT_CONVERSION = YES;
				CLANG_WARN_NON_LITERAL_NULL_CONVERSION = YES;
				CLANG_WARN_OBJC_IMPLICIT_RETAIN_SELF = YES;
				CLANG_WARN_OBJC_LITERAL_CONVERSION = YES;
				CLANG_WARN_OBJC_ROOT_CLASS = YES_ERROR;
				CLANG_WARN_QUOTED_INCLUDE_IN_FRAMEWORK_HEADER = YES;
				CLANG_WARN_RANGE_LOOP_ANALYSIS = YES;
				CLANG_WARN_STRICT_PROTOTYPES = YES;
				CLANG_WARN_SUSPICIOUS_MOVE = YES;
				CLANG_WARN_UNGUARDED_AVAILABILITY = YES_AGGRESSIVE;
				CLANG_WARN_UNREACHABLE_CODE = YES;
				CLANG_WARN__DUPLICATE_METHOD_MATCH = YES;
				COPY_PHASE_STRIP = NO;
				DEBUG_INFORMATION_FORMAT = dwarf;
				ENABLE_STRICT_OBJC_MSGSEND = YES;
				ENABLE_TESTABILITY = YES;
				GCC_C_LANGUAGE_STANDARD = gnu11;
				GCC_DYNAMIC_NO_PIC = NO;
				GCC_NO_COMMON_BLOCKS = YES;
				GCC_OPTIMIZATION_LEVEL = 0;
				GCC_PREPROCESSOR_DEFINITIONS = (
					"DEBUG=1",
					"$(inherited)",
				);
				GCC_WARN_64_TO_32_BIT_CONVERSION = YES;
				GCC_WARN_ABOUT_RETURN_TYPE = YES_ERROR;
				GCC_WARN_UNDECLARED_SELECTOR = YES;
				GCC_WARN_UNINITIALIZED_AUTOS = YES_AGGRESSIVE;
				GCC_WARN_UNUSED_FUNCTION = YES;
				GCC_WARN_UNUSED_VARIABLE = YES;
				IPHONEOS_DEPLOYMENT_TARGET = 14.2;
				MTL_ENABLE_DEBUG_INFO = INCLUDE_SOURCE;
				MTL_FAST_MATH = YES;
				ONLY_ACTIVE_ARCH = YES;
				SDKROOT = iphoneos;
				SWIFT_ACTIVE_COMPILATION_CONDITIONS = DEBUG;
				SWIFT_OPTIMIZATION_LEVEL = "-Onone";
			};
			name = Debug;
		};
		B18A99702576C1F60096A430 /* Release */ = {
			isa = XCBuildConfiguration;
			buildSettings = {
				ALWAYS_SEARCH_USER_PATHS = NO;
				CLANG_ANALYZER_NONNULL = YES;
				CLANG_ANALYZER_NUMBER_OBJECT_CONVERSION = YES_AGGRESSIVE;
				CLANG_CXX_LANGUAGE_STANDARD = "gnu++14";
				CLANG_CXX_LIBRARY = "libc++";
				CLANG_ENABLE_MODULES = YES;
				CLANG_ENABLE_OBJC_ARC = YES;
				CLANG_ENABLE_OBJC_WEAK = YES;
				CLANG_WARN_BLOCK_CAPTURE_AUTORELEASING = YES;
				CLANG_WARN_BOOL_CONVERSION = YES;
				CLANG_WARN_COMMA = YES;
				CLANG_WARN_CONSTANT_CONVERSION = YES;
				CLANG_WARN_DEPRECATED_OBJC_IMPLEMENTATIONS = YES;
				CLANG_WARN_DIRECT_OBJC_ISA_USAGE = YES_ERROR;
				CLANG_WARN_DOCUMENTATION_COMMENTS = YES;
				CLANG_WARN_EMPTY_BODY = YES;
				CLANG_WARN_ENUM_CONVERSION = YES;
				CLANG_WARN_INFINITE_RECURSION = YES;
				CLANG_WARN_INT_CONVERSION = YES;
				CLANG_WARN_NON_LITERAL_NULL_CONVERSION = YES;
				CLANG_WARN_OBJC_IMPLICIT_RETAIN_SELF = YES;
				CLANG_WARN_OBJC_LITERAL_CONVERSION = YES;
				CLANG_WARN_OBJC_ROOT_CLASS = YES_ERROR;
				CLANG_WARN_QUOTED_INCLUDE_IN_FRAMEWORK_HEADER = YES;
				CLANG_WARN_RANGE_LOOP_ANALYSIS = YES;
				CLANG_WARN_STRICT_PROTOTYPES = YES;
				CLANG_WARN_SUSPICIOUS_MOVE = YES;
				CLANG_WARN_UNGUARDED_AVAILABILITY = YES_AGGRESSIVE;
				CLANG_WARN_UNREACHABLE_CODE = YES;
				CLANG_WARN__DUPLICATE_METHOD_MATCH = YES;
				COPY_PHASE_STRIP = NO;
				DEBUG_INFORMATION_FORMAT = "dwarf-with-dsym";
				ENABLE_NS_ASSERTIONS = NO;
				ENABLE_STRICT_OBJC_MSGSEND = YES;
				GCC_C_LANGUAGE_STANDARD = gnu11;
				GCC_NO_COMMON_BLOCKS = YES;
				GCC_WARN_64_TO_32_BIT_CONVERSION = YES;
				GCC_WARN_ABOUT_RETURN_TYPE = YES_ERROR;
				GCC_WARN_UNDECLARED_SELECTOR = YES;
				GCC_WARN_UNINITIALIZED_AUTOS = YES_AGGRESSIVE;
				GCC_WARN_UNUSED_FUNCTION = YES;
				GCC_WARN_UNUSED_VARIABLE = YES;
				IPHONEOS_DEPLOYMENT_TARGET = 14.2;
				MTL_ENABLE_DEBUG_INFO = NO;
				MTL_FAST_MATH = YES;
				SDKROOT = iphoneos;
				SWIFT_COMPILATION_MODE = wholemodule;
				SWIFT_OPTIMIZATION_LEVEL = "-O";
				VALIDATE_PRODUCT = YES;
			};
			name = Release;
		};
		B18A99722576C1F60096A430 /* Debug */ = {
			isa = XCBuildConfiguration;
			buildSettings = {
				ASSETCATALOG_COMPILER_APPICON_NAME = AppIcon;
				ASSETCATALOG_COMPILER_GLOBAL_ACCENT_COLOR_NAME = AccentColor;
				CODE_SIGN_STYLE = Automatic;
				DEVELOPMENT_TEAM = 8WFH9GD9GT;
				INFOPLIST_FILE = "Github-followers-project/Info.plist";
				LD_RUNPATH_SEARCH_PATHS = (
					"$(inherited)",
					"@executable_path/Frameworks",
				);
				PRODUCT_BUNDLE_IDENTIFIER = "com.fancymoua.Github-followers-project";
				PRODUCT_NAME = "$(TARGET_NAME)";
				SWIFT_VERSION = 5.0;
				TARGETED_DEVICE_FAMILY = 1;
			};
			name = Debug;
		};
		B18A99732576C1F60096A430 /* Release */ = {
			isa = XCBuildConfiguration;
			buildSettings = {
				ASSETCATALOG_COMPILER_APPICON_NAME = AppIcon;
				ASSETCATALOG_COMPILER_GLOBAL_ACCENT_COLOR_NAME = AccentColor;
				CODE_SIGN_STYLE = Automatic;
				DEVELOPMENT_TEAM = 8WFH9GD9GT;
				INFOPLIST_FILE = "Github-followers-project/Info.plist";
				LD_RUNPATH_SEARCH_PATHS = (
					"$(inherited)",
					"@executable_path/Frameworks",
				);
				PRODUCT_BUNDLE_IDENTIFIER = "com.fancymoua.Github-followers-project";
				PRODUCT_NAME = "$(TARGET_NAME)";
				SWIFT_VERSION = 5.0;
				TARGETED_DEVICE_FAMILY = 1;
			};
			name = Release;
		};
/* End XCBuildConfiguration section */

/* Begin XCConfigurationList section */
		B18A99582576C1F30096A430 /* Build configuration list for PBXProject "Github-followers-project" */ = {
			isa = XCConfigurationList;
			buildConfigurations = (
				B18A996F2576C1F60096A430 /* Debug */,
				B18A99702576C1F60096A430 /* Release */,
			);
			defaultConfigurationIsVisible = 0;
			defaultConfigurationName = Release;
		};
		B18A99712576C1F60096A430 /* Build configuration list for PBXNativeTarget "Github-followers-project" */ = {
			isa = XCConfigurationList;
			buildConfigurations = (
				B18A99722576C1F60096A430 /* Debug */,
				B18A99732576C1F60096A430 /* Release */,
			);
			defaultConfigurationIsVisible = 0;
			defaultConfigurationName = Release;
		};
/* End XCConfigurationList section */
	};
	rootObject = B18A99552576C1F30096A430 /* Project object */;
}
